
Microsoft Visual Studio Solution File, Format Version 12.00
# Visual Studio Version 17
VisualStudioVersion = 17.14.37314.3
MinimumVisualStudioVersion = 10.0.40219.1
Project("{FAE04EC0-301F-11D3-BF4B-00C04F79EFBC}") = "Task1", "Task1\Task1.csproj", "{3BBFCA30-690E-4111-93BA-71C8E6AAD742}"
EndProject
Project("{FAE04EC0-301F-11D3-BF4B-00C04F79EFBC}") = "Task2", "Task2\Task2.csproj", "{09D212FB-74BD-410E-B9CD-E4D8BB8F05BA}"
EndProject
Project("{FAE04EC0-301F-11D3-BF4B-00C04F79EFBC}") = "Task3", "Task3\Task3.csproj", "{A36E21AC-5E27-824E-ADCA-0E00BD5C010A}"
EndProject
Project("{FAE04EC0-301F-11D3-BF4B-00C04F79EFBC}") = "Task4", "Task4\Task4.csproj", "{44656E01-CD2D-C68B-B81C-1D2A76926419}"
EndProject
Project("{FAE04EC0-301F-11D3-BF4B-00C04F79EFBC}") = "Task5", "Task5\Task5.csproj", "{9E77820A-AFB8-49B1-ABD4-556034EBE2D6}"
EndProject
Project("{FAE04EC0-301F-11D3-BF4B-00C04F79EFBC}") = "Task6", "Task6\Task6.csproj", "{3C25BBA4-AEB6-4F01-9EBB-3734CE28E46D}"
EndProject
Project("{FAE04EC0-301F-11D3-BF4B-00C04F79EFBC}") = "Task7", "Task7\Task7.csproj", "{246C67A2-97FB-4D16-A0F1-E7914398B2EE}"
EndProject
Project("{FAE04EC0-301F-11D3-BF4B-00C04F79EFBC}") = "Task8", "Task8-1\Task8.csproj", "{68128ECE-0533-6BCC-0CBE-6192F585F028}"
EndProject
Global
	GlobalSection(SolutionConfigurationPlatforms) = preSolution
		Debug|Any CPU = Debug|Any CPU
		Release|Any CPU = Release|Any CPU
	EndGlobalSection
	GlobalSection(ProjectConfigurationPlatforms) = postSolution
		{3BBFCA30-690E-4111-93BA-71C8E6AAD742}.Debug|Any CPU.ActiveCfg = Debug|Any CPU
		{3BBFCA30-690E-4111-93BA-71C8E6AAD742}.Debug|Any CPU.Build.0 = Debug|Any CPU
		{3BBFCA30-690E-4111-93BA-71C8E6AAD742}.Release|Any CPU.ActiveCfg = Release|Any CPU
		{3BBFCA30-690E-4111-93BA-71C8E6AAD742}.Release|Any CPU.Build.0 = Release|Any CPU
		{09D212FB-74BD-410E-B9CD-E4D8BB8F05BA}.Debug|Any CPU.ActiveCfg = Debug|Any CPU
		{09D212FB-74BD-410E-B9CD-E4D8BB8F05BA}.Debug|Any CPU.Build.0 = Debug|Any CPU
		{09D212FB-74BD-410E-B9CD-E4D8BB8F05BA}.Release|Any CPU.ActiveCfg = Release|Any CPU
		{09D212FB-74BD-410E-B9CD-E4D8BB8F05BA}.Release|Any CPU.Build.0 = Release|Any CPU
		{A36E21AC-5E27-824E-ADCA-0E00BD5C010A}.Debug|Any CPU.ActiveCfg = Debug|Any CPU
		{A36E21AC-5E27-824E-ADCA-0E00BD5C010A}.Debug|Any CPU.Build.0 = Debug|Any CPU
		{A36E21AC-5E27-824E-ADCA-0E00BD5C010A}.Release|Any CPU.ActiveCfg = Release|Any CPU
		{A36E21AC-5E27-824E-ADCA-0E00BD5C010A}.Release|Any CPU.Build.0 = Release|Any CPU
		{44656E01-CD2D-C68B-B81C-1D2A76926419}.Debug|Any CPU.ActiveCfg = Debug|Any CPU
		{44656E01-CD2D-C68B-B81C-1D2A76926419}.Debug|Any CPU.Build.0 = Debug|Any CPU
		{44656E01-CD2D-C68B-B81C-1D2A76926419}.Release|Any CPU.ActiveCfg = Release|Any CPU
		{44656E01-CD2D-C68B-B81C-1D2A76926419}.Release|Any CPU.Build.0 = Release|Any CPU
		{9E77820A-AFB8-49B1-ABD4-556034EBE2D6}.Debug|Any CPU.ActiveCfg = Debug|Any CPU
		{9E77820A-AFB8-49B1-ABD4-556034EBE2D6}.Debug|Any CPU.Build.0 = Debug|Any CPU
		{9E77820A-AFB8-49B1-ABD4-556034EBE2D6}.Release|Any CPU.ActiveCfg = Release|Any CPU
		{9E77820A-AFB8-49B1-ABD4-556034EBE2D6}.Release|Any CPU.Build.0 = Release|Any CPU
		{3C25BBA4-AEB6-4F01-9EBB-3734CE28E46D}.Debug|Any CPU.ActiveCfg = Debug|Any CPU
		{3C25BBA4-AEB6-4F01-9EBB-3734CE28E46D}.Debug|Any CPU.Build.0 = Debug|Any CPU
		{3C25BBA4-AEB6-4F01-9EBB-3734CE28E46D}.Release|Any CPU.ActiveCfg = Release|Any CPU
		{3C25BBA4-AEB6-4F01-9EBB-3734CE28E46D}.Release|Any CPU.Build.0 = Release|Any CPU
		{246C67A2-97FB-4D16-A0F1-E7914398B2EE}.Debug|Any CPU.ActiveCfg = Debug|Any CPU
		{246C67A2-97FB-4D16-A0F1-E7914398B2EE}.Debug|Any CPU.Build.0 = Debug|Any CPU
		{246C67A2-97FB-4D16-A0F1-E7914398B2EE}.Release|Any CPU.ActiveCfg = Release|Any CPU
		{246C67A2-97FB-4D16-A0F1-E7914398B2EE}.Release|Any CPU.Build.0 = Release|Any CPU
		{68128ECE-0533-6BCC-0CBE-6192F585F028}.Debug|Any CPU.ActiveCfg = Debug|Any CPU
		{68128ECE-0533-6BCC-0CBE-6192F585F028}.Debug|Any CPU.Build.0 = Debug|Any CPU
		{68128ECE-0533-6BCC-0CBE-6192F585F028}.Release|Any CPU.ActiveCfg = Release|Any CPU
		{68128ECE-0533-6BCC-0CBE-6192F585F028}.Release|Any CPU.Build.0 = Release|Any CPU
	EndGlobalSection
	GlobalSection(SolutionProperties) = preSolution
		HideSolutionNode = FALSE
	EndGlobalSection
	GlobalSection(ExtensibilityGlobals) = postSolution
		SolutionGuid = {2BB46A1E-2BAF-47BF-B017-612C12B92536}
	EndGlobalSection
EndGlobal
